# This file is automatically @generated by Cargo.
# It is not intended for manual editing.
version = 4

[[package]]
name = "aarch64-macho-spike"
version = "0.1.0"
dependencies = [
 "fors-lex",
 "fors-syntax",
]

[[package]]
name = "fors-lex"
version = "0.1.0"

[[package]]
name = "fors-syntax"
version = "0.1.0"
dependencies = [
 "fors-lex",
]
