# This file is automatically @generated by Cargo.
# It is not intended for manual editing.
version = 4

[[package]]
name = "fors-check"
version = "0.1.0"
dependencies = [
 "fors-fir",
 "fors-index",
 "fors-lex",
 "fors-resolve",
 "fors-syntax",
]

[[package]]
name = "fors-cli"
version = "0.1.0"
dependencies = [
 "fors-check",
 "fors-index",
 "fors-lex",
 "fors-query",
 "fors-resolve",
 "fors-syntax",
]

[[package]]
name = "fors-fir"
version = "0.1.0"
dependencies = [
 "fors-index",
]

[[package]]
name = "fors-index"
version = "0.1.0"
dependencies = [
 "fors-lex",
 "fors-syntax",
]

[[package]]
name = "fors-lex"
version = "0.1.0"

[[package]]
name = "fors-query"
version = "0.1.0"

[[package]]
name = "fors-resolve"
version = "0.1.0"
dependencies = [
 "fors-index",
 "fors-lex",
 "fors-syntax",
]

[[package]]
name = "fors-syntax"
version = "0.1.0"
dependencies = [
 "fors-lex",
]
